Microsoft Visual Studio Solution File, Format Version 11.00
# Visual Studio 2010
Project("{FAE04EC0-301F-11D3-BF4B-00C04F79EFBC}") = "WpfOlapRetrieveFieldsExample", "WpfOlapRetrieveFieldsExample\WpfOlapRetrieveFieldsExample.csproj", "{6CA8D3BE-E9F6-4941-9556-6D2E8179192C}"
EndProject
Global
	GlobalSection(SolutionConfigurationPlatforms) = preSolution
		Debug|x86 = Debug|x86
		Release|x86 = Release|x86
	EndGlobalSection
	GlobalSection(ProjectConfigurationPlatforms) = postSolution
		{6CA8D3BE-E9F6-4941-9556-6D2E8179192C}.Debug|x86.ActiveCfg = Debug|x86
		{6CA8D3BE-E9F6-4941-9556-6D2E8179192C}.Debug|x86.Build.0 = Debug|x86
		{6CA8D3BE-E9F6-4941-9556-6D2E8179192C}.Release|x86.ActiveCfg = Release|x86
		{6CA8D3BE-E9F6-4941-9556-6D2E8179192C}.Release|x86.Build.0 = Release|x86
	EndGlobalSection
	GlobalSection(SolutionProperties) = preSolution
		HideSolutionNode = FALSE
	EndGlobalSection
EndGlobal
